// !$*UTF8*$!
{
	archiveVersion = 1;
	classes = {
	};
	objectVersion = 46;
	objects = {

/* Begin PBXBuildFile section */
		FFADA9E61B3A7E16009B3927 /* main.m in Sources */ = {isa = PBXBuildFile; fileRef = FFADA9E51B3A7E16009B3927 /* main.m */; };
		FFADA9E91B3A7E16009B3927 /* AppDelegate.m in Sources */ = {isa = PBXBuildFile; fileRef = FFADA9E81B3A7E16009B3927 /* AppDelegate.m */; };
		FFADA9EC1B3A7E16009B3927 /* ViewController.m in Sources */ = {isa = PBXBuildFile; fileRef = FFADA9EB1B3A7E16009B3927 /* ViewController.m */; };
		FFADA9EF1B3A7E16009B3927 /* Main.storyboard in Resources */ = {isa = PBXBuildFile; fileRef = FFADA9ED1B3A7E16009B3927 /* Main.storyboard */; };
		FFADA9F11B3A7E16009B3927 /* Images.xcassets in Resources */ = {isa = PBXBuildFile; fileRef = FFADA9F01B3A7E16009B3927 /* Images.xcassets */; };
		FFADA9F41B3A7E16009B3927 /* LaunchScreen.xib in Resources */ = {isa = PBXBuildFile; fileRef = FFADA9F21B3A7E16009B3927 /* LaunchScreen.xib */; };
		FFADAA001B3A7E16009B3927 /* WKTabBarRoundItemDemoTests.m in Sources */ = {isa = PBXBuildFile; fileRef = FFADA9FF1B3A7E16009B3927 /* WKTabBarRoundItemDemoTests.m */; };
/* End PBXBuildFile section */

/* Begin PBXContainerItemProxy section */
		FFADA9FA1B3A7E16009B3927 /* PBXContainerItemProxy */ = {
			isa = PBXContainerItemProxy;
			containerPortal = FFADA9D81B3A7E16009B3927 /* Project object */;
			proxyType = 1;
			remoteGlobalIDString = FFADA9DF1B3A7E16009B3927;
			remoteInfo = WKTabBarRoundItemDemo;
		};
/* End PBXContainerItemProxy section */

/* Begin PBXFileReference section */
		FFADA9E01B3A7E16009B3927 /* WKTabBarRoundItemDemo.app */ = {isa = PBXFileReference; explicitFileType = wrapper.application; includeInIndex = 0; path = WKTabBarRoundItemDemo.app; sourceTree = BUILT_PRODUCTS_DIR; };
		FFADA9E41B3A7E16009B3927 /* Info.plist */ = {isa = PBXFileReference; lastKnownFileType = text.plist.xml; path = Info.plist; sourceTree = "<group>"; };
		FFADA9E51B3A7E16009B3927 /* main.m */ = {isa = PBXFileReference; lastKnownFileType = sourcecode.c.objc; path = main.m; sourceTree = "<group>"; };
		FFADA9E71B3A7E16009B3927 /* AppDelegate.h */ = {isa = PBXFileReference; lastKnownFileType = sourcecode.c.h; path = AppDelegate.h; sourceTree = "<group>"; };
		FFADA9E81B3A7E16009B3927 /* AppDelegate.m */ = {isa = PBXFileReference; lastKnownFileType = sourcecode.c.objc; path = AppDelegate.m; sourceTree = "<group>"; };
		FFADA9EA1B3A7E16009B3927 /* ViewController.h */ = {isa = PBXFileReference; lastKnownFileType = sourcecode.c.h; path = ViewController.h; sourceTree = "<group>"; };
		FFADA9EB1B3A7E16009B3927 /* ViewController.m */ = {isa = PBXFileReference; lastKnownFileType = sourcecode.c.objc; path = ViewController.m; sourceTree = "<group>"; };
		FFADA9EE1B3A7E16009B3927 /* Base */ = {isa = PBXFileReference; lastKnownFileType = file.storyboard; name = Base; path = Base.lproj/Main.storyboard; sourceTree = "<group>"; };
		FFADA9F01B3A7E16009B3927 /* Images.xcassets */ = {isa = PBXFileReference; lastKnownFileType = folder.assetcatalog; path = Images.xcassets; sourceTree = "<group>"; };
		FFADA9F31B3A7E16009B3927 /* Base */ = {isa = PBXFileReference; lastKnownFileType = file.xib; name = Base; path = Base.lproj/LaunchScreen.xib; sourceTree = "<group>"; };
		FFADA9F91B3A7E16009B3927 /* WKTabBarRoundItemDemoTests.xctest */ = {isa = PBXFileReference; explicitFileType = wrapper.cfbundle; includeInIndex = 0; path = WKTabBarRoundItemDemoTests.xctest; sourceTree = BUILT_PRODUCTS_DIR; };
		FFADA9FE1B3A7E16009B3927 /* Info.plist */ = {isa = PBXFileReference; lastKnownFileType = text.plist.xml; path = Info.plist; sourceTree = "<group>"; };
		FFADA9FF1B3A7E16009B3927 /* WKTabBarRoundItemDemoTests.m */ = {isa = PBXFileReference; lastKnownFileType = sourcecode.c.objc; path = WKTabBarRoundItemDemoTests.m; sourceTree = "<group>"; };
/* End PBXFileReference section */

/* Begin PBXFrameworksBuildPhase section */
		FFADA9DD1B3A7E16009B3927 /* Frameworks */ = {
			isa = PBXFrameworksBuildPhase;
			buildActionMask = 2147483647;
			files = (
			);
			runOnlyForDeploymentPostprocessing = 0;
		};
		FFADA9F61B3A7E16009B3927 /* Frameworks */ = {
			isa = PBXFrameworksBuildPhase;
			buildActionMask = 2147483647;
			files = (
			);
			runOnlyForDeploymentPostprocessing = 0;
		};
/* End PBXFrameworksBuildPhase section */

/* Begin PBXGroup section */
		FFADA9D71B3A7E16009B3927 = {
			isa = PBXGroup;
			children = (
				FFADA9E21B3A7E16009B3927 /* WKTabBarRoundItemDemo */,
				FFADA9FC1B3A7E16009B3927 /* WKTabBarRoundItemDemoTests */,
				FFADA9E11B3A7E16009B3927 /* Products */,
			);
			sourceTree = "<group>";
		};
		FFADA9E11B3A7E16009B3927 /* Products */ = {
			isa = PBXGroup;
			children = (
				FFADA9E01B3A7E16009B3927 /* WKTabBarRoundItemDemo.app */,
				FFADA9F91B3A7E16009B3927 /* WKTabBarRoundItemDemoTests.xctest */,
			);
			name = Products;
			sourceTree = "<group>";
		};
		FFADA9E21B3A7E16009B3927 /* WKTabBarRoundItemDemo */ = {
			isa = PBXGroup;
			children = (
				FFADA9E71B3A7E16009B3927 /* AppDelegate.h */,
				FFADA9E81B3A7E16009B3927 /* AppDelegate.m */,
				FFADA9EA1B3A7E16009B3927 /* ViewController.h */,
				FFADA9EB1B3A7E16009B3927 /* ViewController.m */,
				FFADA9ED1B3A7E16009B3927 /* Main.storyboard */,
				FFADA9F01B3A7E16009B3927 /* Images.xcassets */,
				FFADA9F21B3A7E16009B3927 /* LaunchScreen.xib */,
				FFADA9E31B3A7E16009B3927 /* Supporting Files */,
			);
			path = WKTabBarRoundItemDemo;
			sourceTree = "<group>";
		};
		FFADA9E31B3A7E16009B3927 /* Supporting Files */ = {
			isa = PBXGroup;
			children = (
				FFADA9E41B3A7E16009B3927 /* Info.plist */,
				FFADA9E51B3A7E16009B3927 /* main.m */,
			);
			name = "Supporting Files";
			sourceTree = "<group>";
		};
		FFADA9FC1B3A7E16009B3927 /* WKTabBarRoundItemDemoTests */ = {
			isa = PBXGroup;
			children = (
				FFADA9FF1B3A7E16009B3927 /* WKTabBarRoundItemDemoTests.m */,
				FFADA9FD1B3A7E16009B3927 /* Supporting Files */,
			);
			path = WKTabBarRoundItemDemoTests;
			sourceTree = "<group>";
		};
		FFADA9FD1B3A7E16009B3927 /* Supporting Files */ = {
			isa = PBXGroup;
			children = (
				FFADA9FE1B3A7E16009B3927 /* Info.plist */,
			);
			name = "Supporting Files";
			sourceTree = "<group>";
		};
/* End PBXGroup section */

/* Begin PBXNativeTarget section */
		FFADA9DF1B3A7E16009B3927 /* WKTabBarRoundItemDemo */ = {
			isa = PBXNativeTarget;
			buildConfigurationList = FFADAA031B3A7E16009B3927 /* Build configuration list for PBXNativeTarget "WKTabBarRoundItemDemo" */;
			buildPhases = (
				FFADA9DC1B3A7E16009B3927 /* Sources */,
				FFADA9DD1B3A7E16009B3927 /* Frameworks */,
				FFADA9DE1B3A7E16009B3927 /* Resources */,
			);
			buildRules = (
			);
			dependencies = (
			);
			name = WKTabBarRoundItemDemo;
			productName = WKTabBarRoundItemDemo;
			productReference = FFADA9E01B3A7E16009B3927 /* WKTabBarRoundItemDemo.app */;
			productType = "com.apple.product-type.application";
		};
		FFADA9F81B3A7E16009B3927 /* WKTabBarRoundItemDemoTests */ = {
			isa = PBXNativeTarget;
			buildConfigurationList = FFADAA061B3A7E16009B3927 /* Build configuration list for PBXNativeTarget "WKTabBarRoundItemDemoTests" */;
			buildPhases = (
				FFADA9F51B3A7E16009B3927 /* Sources */,
				FFADA9F61B3A7E16009B3927 /* Frameworks */,
				FFADA9F71B3A7E16009B3927 /* Resources */,
			);
			buildRules = (
			);
			dependencies = (
				FFADA9FB1B3A7E16009B3927 /* PBXTargetDependency */,
			);
			name = WKTabBarRoundItemDemoTests;
			productName = WKTabBarRoundItemDemoTests;
			productReference = FFADA9F91B3A7E16009B3927 /* WKTabBarRoundItemDemoTests.xctest */;
			productType = "com.apple.product-type.bundle.unit-test";
		};
/* End PBXNativeTarget section */

/* Begin PBXProject section */
		FFADA9D81B3A7E16009B3927 /* Project object */ = {
			isa = PBXProject;
			attributes = {
				LastUpgradeCheck = 0630;
				ORGANIZATIONNAME = westke;
				TargetAttributes = {
					FFADA9DF1B3A7E16009B3927 = {
						CreatedOnToolsVersion = 6.3.2;
					};
					FFADA9F81B3A7E16009B3927 = {
						CreatedOnToolsVersion = 6.3.2;
						TestTargetID = FFADA9DF1B3A7E16009B3927;
					};
				};
			};
			buildConfigurationList = FFADA9DB1B3A7E16009B3927 /* Build configuration list for PBXProject "WKTabBarRoundItemDemo" */;
			compatibilityVersion = "Xcode 3.2";
			developmentRegion = English;
			hasScannedForEncodings = 0;
			knownRegions = (
				en,
				Base,
			);
			mainGroup = FFADA9D71B3A7E16009B3927;
			productRefGroup = FFADA9E11B3A7E16009B3927 /* Products */;
			projectDirPath = "";
			projectRoot = "";
			targets = (
				FFADA9DF1B3A7E16009B3927 /* WKTabBarRoundItemDemo */,
				FFADA9F81B3A7E16009B3927 /* WKTabBarRoundItemDemoTests */,
			);
		};
/* End PBXProject section */

/* Begin PBXResourcesBuildPhase section */
		FFADA9DE1B3A7E16009B3927 /* Resources */ = {
			isa = PBXResourcesBuildPhase;
			buildActionMask = 2147483647;
			files = (
				FFADA9EF1B3A7E16009B3927 /* Main.storyboard in Resources */,
				FFADA9F41B3A7E16009B3927 /* LaunchScreen.xib in Resources */,
				FFADA9F11B3A7E16009B3927 /* Images.xcassets in Resources */,
			);
			runOnlyForDeploymentPostprocessing = 0;
		};
		FFADA9F71B3A7E16009B3927 /* Resources */ = {
			isa = PBXResourcesBuildPhase;
			buildActionMask = 2147483647;
			files = (
			);
			runOnlyForDeploymentPostprocessing = 0;
		};
/* End PBXResourcesBuildPhase section */

/* Begin PBXSourcesBuildPhase section */
		FFADA9DC1B3A7E16009B3927 /* Sources */ = {
			isa = PBXSourcesBuildPhase;
			buildActionMask = 2147483647;
			files = (
				FFADA9EC1B3A7E16009B3927 /* ViewController.m in Sources */,
				FFADA9E91B3A7E16009B3927 /* AppDelegate.m in Sources */,
				FFADA9E61B3A7E16009B3927 /* main.m in Sources */,
			);
			runOnlyForDeploymentPostprocessing = 0;
		};
		FFADA9F51B3A7E16009B3927 /* Sources */ = {
			isa = PBXSourcesBuildPhase;
			buildActionMask = 2147483647;
			files = (
				FFADAA001B3A7E16009B3927 /* WKTabBarRoundItemDemoTests.m in Sources */,
			);
			runOnlyForDeploymentPostprocessing = 0;
		};
/* End PBXSourcesBuildPhase section */

/* Begin PBXTargetDependency section */
		FFADA9FB1B3A7E16009B3927 /* PBXTargetDependency */ = {
			isa = PBXTargetDependency;
			target = FFADA9DF1B3A7E16009B3927 /* WKTabBarRoundItemDemo */;
			targetProxy = FFADA9FA1B3A7E16009B3927 /* PBXContainerItemProxy */;
		};
/* End PBXTargetDependency section */

/* Begin PBXVariantGroup section */
		FFADA9ED1B3A7E16009B3927 /* Main.storyboard */ = {
			isa = PBXVariantGroup;
			children = (
				FFADA9EE1B3A7E16009B3927 /* Base */,
			);
			name = Main.storyboard;
			sourceTree = "<group>";
		};
		FFADA9F21B3A7E16009B3927 /* LaunchScreen.xib */ = {
			isa = PBXVariantGroup;
			children = (
				FFADA9F31B3A7E16009B3927 /* Base */,
			);
			name = LaunchScreen.xib;
			sourceTree = "<group>";
		};
/* End PBXVariantGroup section */

/* Begin XCBuildConfiguration section */
		FFADAA011B3A7E16009B3927 /* Debug */ = {
			isa = XCBuildConfiguration;
			buildSettings = {
				ALWAYS_SEARCH_USER_PATHS = NO;
				CLANG_CXX_LANGUAGE_STANDARD = "gnu++0x";
				CLANG_CXX_LIBRARY = "libc++";
				CLANG_ENABLE_MODULES = YES;
				CLANG_ENABLE_OBJC_ARC = YES;
				CLANG_WARN_BOOL_CONVERSION = YES;
				CLANG_WARN_CONSTANT_CONVERSION = YES;
				CLANG_WARN_DIRECT_OBJC_ISA_USAGE = YES_ERROR;
				CLANG_WARN_EMPTY_BODY = YES;
				CLANG_WARN_ENUM_CONVERSION = YES;
				CLANG_WARN_INT_CONVERSION = YES;
				CLANG_WARN_OBJC_ROOT_CLASS = YES_ERROR;
				CLANG_WARN_UNREACHABLE_CODE = YES;
				CLANG_WARN__DUPLICATE_METHOD_MATCH = YES;
				"CODE_SIGN_IDENTITY[sdk=iphoneos*]" = "iPhone Developer";
				COPY_PHASE_STRIP = NO;
				DEBUG_INFORMATION_FORMAT = "dwarf-with-dsym";
				ENABLE_STRICT_OBJC_MSGSEND = YES;
				GCC_C_LANGUAGE_STANDARD = gnu99;
				GCC_DYNAMIC_NO_PIC = NO;
				GCC_NO_COMMON_BLOCKS = YES;
				GCC_OPTIMIZATION_LEVEL = 0;
				GCC_PREPROCESSOR_DEFINITIONS = (
					"DEBUG=1",
					"$(inherited)",
				);
				GCC_SYMBOLS_PRIVATE_EXTERN = NO;
				GCC_WARN_64_TO_32_BIT_CONVERSION = YES;
				GCC_WARN_ABOUT_RETURN_TYPE = YES_ERROR;
				GCC_WARN_UNDECLARED_SELECTOR = YES;
				GCC_WARN_UNINITIALIZED_AUTOS = YES_AGGRESSIVE;
				GCC_WARN_UNUSED_FUNCTION = YES;
				GCC_WARN_UNUSED_VARIABLE = YES;
				IPHONEOS_DEPLOYMENT_TARGET = 8.3;
				MTL_ENABLE_DEBUG_INFO = YES;
				ONLY_ACTIVE_ARCH = YES;
				SDKROOT = iphoneos;
			};
			name = Debug;
		};
		FFADAA021B3A7E16009B3927 /* Release */ = {
			isa = XCBuildConfiguration;
			buildSettings = {
				ALWAYS_SEARCH_USER_PATHS = NO;
				CLANG_CXX_LANGUAGE_STANDARD = "gnu++0x";
				CLANG_CXX_LIBRARY = "libc++";
				CLANG_ENABLE_MODULES = YES;
				CLANG_ENABLE_OBJC_ARC = YES;
				CLANG_WARN_BOOL_CONVERSION = YES;
				CLANG_WARN_CONSTANT_CONVERSION = YES;
				CLANG_WARN_DIRECT_OBJC_ISA_USAGE = YES_ERROR;
				CLANG_WARN_EMPTY_BODY = YES;
				CLANG_WARN_ENUM_CONVERSION = YES;
				CLANG_WARN_INT_CONVERSION = YES;
				CLANG_WARN_OBJC_ROOT_CLASS = YES_ERROR;
				CLANG_WARN_UNREACHABLE_CODE = YES;
				CLANG_WARN__DUPLICATE_METHOD_MATCH = YES;
				"CODE_SIGN_IDENTITY[sdk=iphoneos*]" = "iPhone Developer";
				COPY_PHASE_STRIP = NO;
				DEBUG_INFORMATION_FORMAT = "dwarf-with-dsym";
				ENABLE_NS_ASSERTIONS = NO;
				ENABLE_STRICT_OBJC_MSGSEND = YES;
				GCC_C_LANGUAGE_STANDARD = gnu99;
				GCC_NO_COMMON_BLOCKS = YES;
				GCC_WARN_64_TO_32_BIT_CONVERSION = YES;
				GCC_WARN_ABOUT_RETURN_TYPE = YES_ERROR;
				GCC_WARN_UNDECLARED_SELECTOR = YES;
				GCC_WARN_UNINITIALIZED_AUTOS = YES_AGGRESSIVE;
				GCC_WARN_UNUSED_FUNCTION = YES;
				GCC_WARN_UNUSED_VARIABLE = YES;
				IPHONEOS_DEPLOYMENT_TARGET = 8.3;
				MTL_ENABLE_DEBUG_INFO = NO;
				SDKROOT = iphoneos;
				VALIDATE_PRODUCT = YES;
			};
			name = Release;
		};
		FFADAA041B3A7E16009B3927 /* Debug */ = {
			isa = XCBuildConfiguration;
			buildSettings = {
				ASSETCATALOG_COMPILER_APPICON_NAME = AppIcon;
				INFOPLIST_FILE = WKTabBarRoundItemDemo/Info.plist;
				LD_RUNPATH_SEARCH_PATHS = "$(inherited) @executable_path/Frameworks";
				PRODUCT_NAME = "$(TARGET_NAME)";
			};
			name = Debug;
		};
		FFADAA051B3A7E16009B3927 /* Release */ = {
			isa = XCBuildConfiguration;
			buildSettings = {
				ASSETCATALOG_COMPILER_APPICON_NAME = AppIcon;
				INFOPLIST_FILE = WKTabBarRoundItemDemo/Info.plist;
				LD_RUNPATH_SEARCH_PATHS = "$(inherited) @executable_path/Frameworks";
				PRODUCT_NAME = "$(TARGET_NAME)";
			};
			name = Release;
		};
		FFADAA071B3A7E16009B3927 /* Debug */ = {
			isa = XCBuildConfiguration;
			buildSettings = {
				BUNDLE_LOADER = "$(TEST_HOST)";
				FRAMEWORK_SEARCH_PATHS = (
					"$(SDKROOT)/Developer/Library/Frameworks",
					"$(inherited)",
				);
				GCC_PREPROCESSOR_DEFINITIONS = (
					"DEBUG=1",
					"$(inherited)",
				);
				INFOPLIST_FILE = WKTabBarRoundItemDemoTests/Info.plist;
				LD_RUNPATH_SEARCH_PATHS = "$(inherited) @executable_path/Frameworks @loader_path/Frameworks";
				PRODUCT_NAME = "$(TARGET_NAME)";
				TEST_HOST = "$(BUILT_PRODUCTS_DIR)/WKTabBarRoundItemDemo.app/WKTabBarRoundItemDemo";
			};
			name = Debug;
		};
		FFADAA081B3A7E16009B3927 /* Release */ = {
			isa = XCBuildConfiguration;
			buildSettings = {
				BUNDLE_LOADER = "$(TEST_HOST)";
				FRAMEWORK_SEARCH_PATHS = (
					"$(SDKROOT)/Developer/Library/Frameworks",
					"$(inherited)",
				);
				INFOPLIST_FILE = WKTabBarRoundItemDemoTests/Info.plist;
				LD_RUNPATH_SEARCH_PATHS = "$(inherited) @executable_path/Frameworks @loader_path/Frameworks";
				PRODUCT_NAME = "$(TARGET_NAME)";
				TEST_HOST = "$(BUILT_PRODUCTS_DIR)/WKTabBarRoundItemDemo.app/WKTabBarRoundItemDemo";
			};
			name = Release;
		};
/* End XCBuildConfiguration section */

/* Begin XCConfigurationList section */
		FFADA9DB1B3A7E16009B3927 /* Build configuration list for PBXProject "WKTabBarRoundItemDemo" */ = {
			isa = XCConfigurationList;
			buildConfigurations = (
				FFADAA011B3A7E16009B3927 /* Debug */,
				FFADAA021B3A7E16009B3927 /* Release */,
			);
			defaultConfigurationIsVisible = 0;
			defaultConfigurationName = Release;
		};
		FFADAA031B3A7E16009B3927 /* Build configuration list for PBXNativeTarget "WKTabBarRoundItemDemo" */ = {
			isa = XCConfigurationList;
			buildConfigurations = (
				FFADAA041B3A7E16009B3927 /* Debug */,
				FFADAA051B3A7E16009B3927 /* Release */,
			);
			defaultConfigurationIsVisible = 0;
		};
		FFADAA061B3A7E16009B3927 /* Build configuration list for PBXNativeTarget "WKTabBarRoundItemDemoTests" */ = {
			isa = XCConfigurationList;
			buildConfigurations = (
				FFADAA071B3A7E16009B3927 /* Debug */,
				FFADAA081B3A7E16009B3927 /* Release */,
			);
			defaultConfigurationIsVisible = 0;
		};
/* End XCConfigurationList section */
	};
	rootObject = FFADA9D81B3A7E16009B3927 /* Project object */;
}
